{
  "name": "wwwroot",
  "version": "1.0.0",
  "lockfileVersion": 1,
  "requires": true,
  "dependencies": {
    "enjoyhint": {
      "version": "1.0.1",
      "resolved": "https://registry.npmjs.org/enjoyhint/-/enjoyhint-1.0.1.tgz",
      "integrity": "sha1-9//WfdXwkrMBc/94mhe8rhQKwyk=",
      "requires": {
        "jquery": "3.1.1",
        "kinetic": "5.2.0"
      }
    },
    "izimodal": {
      "version": "1.5.1",
      "resolved": "https://registry.npmjs.org/izimodal/-/izimodal-1.5.1.tgz",
      "integrity": "sha512-DqqGUd741tAqJnWZMQRgixlgtSB6tb/HhfddmlsFWE5P7sckF2SmKVyyttpAdBdN5LUzQiF/R/+IjJw0TS5oTA==",
      "requires": {
        "jquery": "~2"
      },
      "dependencies": {
        "jquery": {
          "version": "2.2.4",
          "resolved": "https://registry.npmjs.org/jquery/-/jquery-2.2.4.tgz",
          "integrity": "sha1-LInWiJterFIqfuoywUUhVZxsvwI="
        }
      }
    },
    "jquery": {
      "version": "3.1.1",
      "resolved": "https://registry.npmjs.org/jquery/-/jquery-3.1.1.tgz",
      "integrity": "sha1-NHwcIcfgBBFeCk2jLOzgQfrTyKM="
    },
    "kinetic": {
      "version": "5.2.0",
      "resolved": "https://registry.npmjs.org/kinetic/-/kinetic-5.2.0.tgz",
      "integrity": "sha1-g8TF61ZE8k4m6bSzhYQxlwowt18="
    },
    "spin.js": {
      "version": "4.0.0",
      "resolved": "https://registry.npmjs.org/spin.js/-/spin.js-4.0.0.tgz",
      "integrity": "sha512-uJN9Q4/I4I7PRZAp1c5reoY89thAfvFB5thbJncAwkPjPhqCfUrCooJc8GMN8q8WKFGIMy+JMf477RW7deCInA=="
    }
  }
}
