
Microsoft Visual Studio Solution File, Format Version 12.00
# Visual Studio 15
VisualStudioVersion = 15.0.28307.421
MinimumVisualStudioVersion = 10.0.40219.1
Project("{9A19103F-16F7-4668-BE54-9A1E7A4F7556}") = "AuthServiceServer", "AuthServiceServer\AuthServiceServer.csproj", "{C3804D9C-91A1-402E-A5C4-2E6A32E1533F}"
EndProject
Project("{9A19103F-16F7-4668-BE54-9A1E7A4F7556}") = "StudLab", "StudLab\StudLab.csproj", "{5E280983-F4D4-4DC3-90A9-0BB0273FD383}"
EndProject
Global
	GlobalSection(SolutionConfigurationPlatforms) = preSolution
		Debug|Any CPU = Debug|Any CPU
		Release|Any CPU = Release|Any CPU
	EndGlobalSection
	GlobalSection(ProjectConfigurationPlatforms) = postSolution
		{C3804D9C-91A1-402E-A5C4-2E6A32E1533F}.Debug|Any CPU.ActiveCfg = Debug|Any CPU
		{C3804D9C-91A1-402E-A5C4-2E6A32E1533F}.Debug|Any CPU.Build.0 = Debug|Any CPU
		{C3804D9C-91A1-402E-A5C4-2E6A32E1533F}.Release|Any CPU.ActiveCfg = Release|Any CPU
		{C3804D9C-91A1-402E-A5C4-2E6A32E1533F}.Release|Any CPU.Build.0 = Release|Any CPU
		{5E280983-F4D4-4DC3-90A9-0BB0273FD383}.Debug|Any CPU.ActiveCfg = Debug|Any CPU
		{5E280983-F4D4-4DC3-90A9-0BB0273FD383}.Debug|Any CPU.Build.0 = Debug|Any CPU
		{5E280983-F4D4-4DC3-90A9-0BB0273FD383}.Release|Any CPU.ActiveCfg = Release|Any CPU
		{5E280983-F4D4-4DC3-90A9-0BB0273FD383}.Release|Any CPU.Build.0 = Release|Any CPU
	EndGlobalSection
	GlobalSection(SolutionProperties) = preSolution
		HideSolutionNode = FALSE
	EndGlobalSection
	GlobalSection(ExtensibilityGlobals) = postSolution
		SolutionGuid = {7A4D932F-57D5-407D-9F53-DDE196970D24}
	EndGlobalSection
EndGlobal
